// !$*UTF8*$!
{
	archiveVersion = 1;
	classes = {
	};
	objectVersion = 46;
	objects = {

/* Begin PBXBuildFile section */
		0DE0241414DDC9FB004E2227 /* Cocoa.framework in Frameworks */ = {isa = PBXBuildFile; fileRef = 0DE0241314DDC9FB004E2227 /* Cocoa.framework */; };
		0DE0241E14DDC9FB004E2227 /* InfoPlist.strings in Resources */ = {isa = PBXBuildFile; fileRef = 0DE0241C14DDC9FB004E2227 /* InfoPlist.strings */; };
		0DE0242014DDC9FB004E2227 /* main.m in Sources */ = {isa = PBXBuildFile; fileRef = 0DE0241F14DDC9FB004E2227 /* main.m */; };
		0DE0242414DDC9FB004E2227 /* Credits.rtf in Resources */ = {isa = PBXBuildFile; fileRef = 0DE0242214DDC9FB004E2227 /* Credits.rtf */; };
		0DE0242714DDC9FB004E2227 /* AppDelegate.m in Sources */ = {isa = PBXBuildFile; fileRef = 0DE0242614DDC9FB004E2227 /* AppDelegate.m */; };
		0DE0242A14DDC9FC004E2227 /* MainMenu.xib in Resources */ = {isa = PBXBuildFile; fileRef = 0DE0242814DDC9FC004E2227 /* MainMenu.xib */; };
		0DE0243614DDCC18004E2227 /* Cocoa.framework in Frameworks */ = {isa = PBXBuildFile; fileRef = 0DE0241314DDC9FB004E2227 /* Cocoa.framework */; };
		0DE0243C14DDCC18004E2227 /* InfoPlist.strings in Resources */ = {isa = PBXBuildFile; fileRef = 0DE0243A14DDCC18004E2227 /* InfoPlist.strings */; };
		0DE0244014DDCC18004E2227 /* Specs.m in Sources */ = {isa = PBXBuildFile; fileRef = 0DE0243F14DDCC18004E2227 /* Specs.m */; };
		0DE0244614DDCC52004E2227 /* NowPlaying.h in Headers */ = {isa = PBXBuildFile; fileRef = 0DE0244414DDCC52004E2227 /* NowPlaying.h */; };
		0DE0244714DDCC52004E2227 /* NowPlaying.m in Sources */ = {isa = PBXBuildFile; fileRef = 0DE0244514DDCC52004E2227 /* NowPlaying.m */; };
		0DE0244814DDCC52004E2227 /* NowPlaying.m in Sources */ = {isa = PBXBuildFile; fileRef = 0DE0244514DDCC52004E2227 /* NowPlaying.m */; };
		0DE0245814DDF349004E2227 /* FMJson.h in Headers */ = {isa = PBXBuildFile; fileRef = 0DE0245614DDF349004E2227 /* FMJson.h */; };
		0DE0245914DDF349004E2227 /* FMJson.m in Sources */ = {isa = PBXBuildFile; fileRef = 0DE0245714DDF349004E2227 /* FMJson.m */; };
		0DE0245A14DDF349004E2227 /* FMJson.m in Sources */ = {isa = PBXBuildFile; fileRef = 0DE0245714DDF349004E2227 /* FMJson.m */; };
/* End PBXBuildFile section */

/* Begin PBXFileReference section */
		0DE0240F14DDC9FB004E2227 /* SkronkMini.app */ = {isa = PBXFileReference; explicitFileType = wrapper.application; includeInIndex = 0; path = SkronkMini.app; sourceTree = BUILT_PRODUCTS_DIR; };
		0DE0241314DDC9FB004E2227 /* Cocoa.framework */ = {isa = PBXFileReference; lastKnownFileType = wrapper.framework; name = Cocoa.framework; path = System/Library/Frameworks/Cocoa.framework; sourceTree = SDKROOT; };
		0DE0241614DDC9FB004E2227 /* AppKit.framework */ = {isa = PBXFileReference; lastKnownFileType = wrapper.framework; name = AppKit.framework; path = System/Library/Frameworks/AppKit.framework; sourceTree = SDKROOT; };
		0DE0241714DDC9FB004E2227 /* CoreData.framework */ = {isa = PBXFileReference; lastKnownFileType = wrapper.framework; name = CoreData.framework; path = System/Library/Frameworks/CoreData.framework; sourceTree = SDKROOT; };
		0DE0241814DDC9FB004E2227 /* Foundation.framework */ = {isa = PBXFileReference; lastKnownFileType = wrapper.framework; name = Foundation.framework; path = System/Library/Frameworks/Foundation.framework; sourceTree = SDKROOT; };
		0DE0241B14DDC9FB004E2227 /* SkronkMini-Info.plist */ = {isa = PBXFileReference; lastKnownFileType = text.plist.xml; path = "SkronkMini-Info.plist"; sourceTree = "<group>"; };
		0DE0241D14DDC9FB004E2227 /* en */ = {isa = PBXFileReference; lastKnownFileType = text.plist.strings; name = en; path = en.lproj/InfoPlist.strings; sourceTree = "<group>"; };
		0DE0241F14DDC9FB004E2227 /* main.m */ = {isa = PBXFileReference; lastKnownFileType = sourcecode.c.objc; path = main.m; sourceTree = "<group>"; };
		0DE0242114DDC9FB004E2227 /* SkronkMini-Prefix.pch */ = {isa = PBXFileReference; lastKnownFileType = sourcecode.c.h; path = "SkronkMini-Prefix.pch"; sourceTree = "<group>"; };
		0DE0242314DDC9FB004E2227 /* en */ = {isa = PBXFileReference; lastKnownFileType = text.rtf; name = en; path = en.lproj/Credits.rtf; sourceTree = "<group>"; };
		0DE0242514DDC9FB004E2227 /* AppDelegate.h */ = {isa = PBXFileReference; lastKnownFileType = sourcecode.c.h; path = AppDelegate.h; sourceTree = "<group>"; };
		0DE0242614DDC9FB004E2227 /* AppDelegate.m */ = {isa = PBXFileReference; lastKnownFileType = sourcecode.c.objc; path = AppDelegate.m; sourceTree = "<group>"; };
		0DE0242914DDC9FC004E2227 /* en */ = {isa = PBXFileReference; lastKnownFileType = file.xib; name = en; path = en.lproj/MainMenu.xib; sourceTree = "<group>"; };
		0DE0243514DDCC18004E2227 /* Specs.framework */ = {isa = PBXFileReference; explicitFileType = wrapper.framework; includeInIndex = 0; path = Specs.framework; sourceTree = BUILT_PRODUCTS_DIR; };
		0DE0243914DDCC18004E2227 /* Specs-Info.plist */ = {isa = PBXFileReference; lastKnownFileType = text.plist.xml; path = "Specs-Info.plist"; sourceTree = "<group>"; };
		0DE0243B14DDCC18004E2227 /* en */ = {isa = PBXFileReference; lastKnownFileType = text.plist.strings; name = en; path = en.lproj/InfoPlist.strings; sourceTree = "<group>"; };
		0DE0243D14DDCC18004E2227 /* Specs-Prefix.pch */ = {isa = PBXFileReference; lastKnownFileType = sourcecode.c.h; path = "Specs-Prefix.pch"; sourceTree = "<group>"; };
		0DE0243E14DDCC18004E2227 /* Specs.h */ = {isa = PBXFileReference; lastKnownFileType = sourcecode.c.h; path = Specs.h; sourceTree = "<group>"; };
		0DE0243F14DDCC18004E2227 /* Specs.m */ = {isa = PBXFileReference; lastKnownFileType = sourcecode.c.objc; path = Specs.m; sourceTree = "<group>"; };
		0DE0244414DDCC52004E2227 /* NowPlaying.h */ = {isa = PBXFileReference; fileEncoding = 4; lastKnownFileType = sourcecode.c.h; path = NowPlaying.h; sourceTree = "<group>"; };
		0DE0244514DDCC52004E2227 /* NowPlaying.m */ = {isa = PBXFileReference; fileEncoding = 4; lastKnownFileType = sourcecode.c.objc; path = NowPlaying.m; sourceTree = "<group>"; };
		0DE0245614DDF349004E2227 /* FMJson.h */ = {isa = PBXFileReference; fileEncoding = 4; lastKnownFileType = sourcecode.c.h; path = FMJson.h; sourceTree = "<group>"; };
		0DE0245714DDF349004E2227 /* FMJson.m */ = {isa = PBXFileReference; fileEncoding = 4; lastKnownFileType = sourcecode.c.objc; path = FMJson.m; sourceTree = "<group>"; };
/* End PBXFileReference section */

/* Begin PBXFrameworksBuildPhase section */
		0DE0240C14DDC9FB004E2227 /* Frameworks */ = {
			isa = PBXFrameworksBuildPhase;
			buildActionMask = 2147483647;
			files = (
				0DE0241414DDC9FB004E2227 /* Cocoa.framework in Frameworks */,
			);
			runOnlyForDeploymentPostprocessing = 0;
		};
		0DE0243114DDCC18004E2227 /* Frameworks */ = {
			isa = PBXFrameworksBuildPhase;
			buildActionMask = 2147483647;
			files = (
				0DE0243614DDCC18004E2227 /* Cocoa.framework in Frameworks */,
			);
			runOnlyForDeploymentPostprocessing = 0;
		};
/* End PBXFrameworksBuildPhase section */

/* Begin PBXGroup section */
		0DE0240414DDC9FB004E2227 = {
			isa = PBXGroup;
			children = (
				0DE0241914DDC9FB004E2227 /* SkronkMini */,
				0DE0243714DDCC18004E2227 /* Specs */,
				0DE0241214DDC9FB004E2227 /* Frameworks */,
				0DE0241014DDC9FB004E2227 /* Products */,
			);
			sourceTree = "<group>";
		};
		0DE0241014DDC9FB004E2227 /* Products */ = {
			isa = PBXGroup;
			children = (
				0DE0240F14DDC9FB004E2227 /* SkronkMini.app */,
				0DE0243514DDCC18004E2227 /* Specs.framework */,
			);
			name = Products;
			sourceTree = "<group>";
		};
		0DE0241214DDC9FB004E2227 /* Frameworks */ = {
			isa = PBXGroup;
			children = (
				0DE0241314DDC9FB004E2227 /* Cocoa.framework */,
				0DE0241514DDC9FB004E2227 /* Other Frameworks */,
			);
			name = Frameworks;
			sourceTree = "<group>";
		};
		0DE0241514DDC9FB004E2227 /* Other Frameworks */ = {
			isa = PBXGroup;
			children = (
				0DE0241614DDC9FB004E2227 /* AppKit.framework */,
				0DE0241714DDC9FB004E2227 /* CoreData.framework */,
				0DE0241814DDC9FB004E2227 /* Foundation.framework */,
			);
			name = "Other Frameworks";
			sourceTree = "<group>";
		};
		0DE0241914DDC9FB004E2227 /* SkronkMini */ = {
			isa = PBXGroup;
			children = (
				0DE0245B14DDF35C004E2227 /* UI */,
				0DE0245C14DDF363004E2227 /* Model */,
				0DE0241A14DDC9FB004E2227 /* Supporting Files */,
			);
			path = SkronkMini;
			sourceTree = "<group>";
		};
		0DE0241A14DDC9FB004E2227 /* Supporting Files */ = {
			isa = PBXGroup;
			children = (
				0DE0241B14DDC9FB004E2227 /* SkronkMini-Info.plist */,
				0DE0241C14DDC9FB004E2227 /* InfoPlist.strings */,
				0DE0241F14DDC9FB004E2227 /* main.m */,
				0DE0242114DDC9FB004E2227 /* SkronkMini-Prefix.pch */,
				0DE0242214DDC9FB004E2227 /* Credits.rtf */,
			);
			name = "Supporting Files";
			sourceTree = "<group>";
		};
		0DE0243714DDCC18004E2227 /* Specs */ = {
			isa = PBXGroup;
			children = (
				0DE0243E14DDCC18004E2227 /* Specs.h */,
				0DE0243F14DDCC18004E2227 /* Specs.m */,
				0DE0243814DDCC18004E2227 /* Supporting Files */,
			);
			path = Specs;
			sourceTree = "<group>";
		};
		0DE0243814DDCC18004E2227 /* Supporting Files */ = {
			isa = PBXGroup;
			children = (
				0DE0243914DDCC18004E2227 /* Specs-Info.plist */,
				0DE0243A14DDCC18004E2227 /* InfoPlist.strings */,
				0DE0243D14DDCC18004E2227 /* Specs-Prefix.pch */,
			);
			name = "Supporting Files";
			sourceTree = "<group>";
		};
		0DE0245B14DDF35C004E2227 /* UI */ = {
			isa = PBXGroup;
			children = (
				0DE0242514DDC9FB004E2227 /* AppDelegate.h */,
				0DE0242614DDC9FB004E2227 /* AppDelegate.m */,
				0DE0242814DDC9FC004E2227 /* MainMenu.xib */,
			);
			name = UI;
			sourceTree = "<group>";
		};
		0DE0245C14DDF363004E2227 /* Model */ = {
			isa = PBXGroup;
			children = (
				0DE0245614DDF349004E2227 /* FMJson.h */,
				0DE0245714DDF349004E2227 /* FMJson.m */,
				0DE0244414DDCC52004E2227 /* NowPlaying.h */,
				0DE0244514DDCC52004E2227 /* NowPlaying.m */,
			);
			name = Model;
			sourceTree = "<group>";
		};
/* End PBXGroup section */

/* Begin PBXHeadersBuildPhase section */
		0DE0243214DDCC18004E2227 /* Headers */ = {
			isa = PBXHeadersBuildPhase;
			buildActionMask = 2147483647;
			files = (
				0DE0244614DDCC52004E2227 /* NowPlaying.h in Headers */,
				0DE0245814DDF349004E2227 /* FMJson.h in Headers */,
			);
			runOnlyForDeploymentPostprocessing = 0;
		};
/* End PBXHeadersBuildPhase section */

/* Begin PBXNativeTarget section */
		0DE0240E14DDC9FB004E2227 /* SkronkMini */ = {
			isa = PBXNativeTarget;
			buildConfigurationList = 0DE0242D14DDC9FC004E2227 /* Build configuration list for PBXNativeTarget "SkronkMini" */;
			buildPhases = (
				0DE0240B14DDC9FB004E2227 /* Sources */,
				0DE0240C14DDC9FB004E2227 /* Frameworks */,
				0DE0240D14DDC9FB004E2227 /* Resources */,
			);
			buildRules = (
			);
			dependencies = (
			);
			name = SkronkMini;
			productName = SkronkMini;
			productReference = 0DE0240F14DDC9FB004E2227 /* SkronkMini.app */;
			productType = "com.apple.product-type.application";
		};
		0DE0243414DDCC18004E2227 /* Specs */ = {
			isa = PBXNativeTarget;
			buildConfigurationList = 0DE0244114DDCC18004E2227 /* Build configuration list for PBXNativeTarget "Specs" */;
			buildPhases = (
				0DE0243014DDCC18004E2227 /* Sources */,
				0DE0243114DDCC18004E2227 /* Frameworks */,
				0DE0243214DDCC18004E2227 /* Headers */,
				0DE0243314DDCC18004E2227 /* Resources */,
			);
			buildRules = (
			);
			dependencies = (
			);
			name = Specs;
			productName = Specs;
			productReference = 0DE0243514DDCC18004E2227 /* Specs.framework */;
			productType = "com.apple.product-type.framework";
		};
/* End PBXNativeTarget section */

/* Begin PBXProject section */
		0DE0240614DDC9FB004E2227 /* Project object */ = {
			isa = PBXProject;
			attributes = {
				LastUpgradeCheck = 0420;
				ORGANIZATIONNAME = FourFringe;
			};
			buildConfigurationList = 0DE0240914DDC9FB004E2227 /* Build configuration list for PBXProject "SkronkMini" */;
			compatibilityVersion = "Xcode 3.2";
			developmentRegion = English;
			hasScannedForEncodings = 0;
			knownRegions = (
				en,
			);
			mainGroup = 0DE0240414DDC9FB004E2227;
			productRefGroup = 0DE0241014DDC9FB004E2227 /* Products */;
			projectDirPath = "";
			projectRoot = "";
			targets = (
				0DE0240E14DDC9FB004E2227 /* SkronkMini */,
				0DE0243414DDCC18004E2227 /* Specs */,
			);
		};
/* End PBXProject section */

/* Begin PBXResourcesBuildPhase section */
		0DE0240D14DDC9FB004E2227 /* Resources */ = {
			isa = PBXResourcesBuildPhase;
			buildActionMask = 2147483647;
			files = (
				0DE0241E14DDC9FB004E2227 /* InfoPlist.strings in Resources */,
				0DE0242414DDC9FB004E2227 /* Credits.rtf in Resources */,
				0DE0242A14DDC9FC004E2227 /* MainMenu.xib in Resources */,
			);
			runOnlyForDeploymentPostprocessing = 0;
		};
		0DE0243314DDCC18004E2227 /* Resources */ = {
			isa = PBXResourcesBuildPhase;
			buildActionMask = 2147483647;
			files = (
				0DE0243C14DDCC18004E2227 /* InfoPlist.strings in Resources */,
			);
			runOnlyForDeploymentPostprocessing = 0;
		};
/* End PBXResourcesBuildPhase section */

/* Begin PBXSourcesBuildPhase section */
		0DE0240B14DDC9FB004E2227 /* Sources */ = {
			isa = PBXSourcesBuildPhase;
			buildActionMask = 2147483647;
			files = (
				0DE0242014DDC9FB004E2227 /* main.m in Sources */,
				0DE0242714DDC9FB004E2227 /* AppDelegate.m in Sources */,
				0DE0244714DDCC52004E2227 /* NowPlaying.m in Sources */,
				0DE0245914DDF349004E2227 /* FMJson.m in Sources */,
			);
			runOnlyForDeploymentPostprocessing = 0;
		};
		0DE0243014DDCC18004E2227 /* Sources */ = {
			isa = PBXSourcesBuildPhase;
			buildActionMask = 2147483647;
			files = (
				0DE0244014DDCC18004E2227 /* Specs.m in Sources */,
				0DE0244814DDCC52004E2227 /* NowPlaying.m in Sources */,
				0DE0245A14DDF349004E2227 /* FMJson.m in Sources */,
			);
			runOnlyForDeploymentPostprocessing = 0;
		};
/* End PBXSourcesBuildPhase section */

/* Begin PBXVariantGroup section */
		0DE0241C14DDC9FB004E2227 /* InfoPlist.strings */ = {
			isa = PBXVariantGroup;
			children = (
				0DE0241D14DDC9FB004E2227 /* en */,
			);
			name = InfoPlist.strings;
			sourceTree = "<group>";
		};
		0DE0242214DDC9FB004E2227 /* Credits.rtf */ = {
			isa = PBXVariantGroup;
			children = (
				0DE0242314DDC9FB004E2227 /* en */,
			);
			name = Credits.rtf;
			sourceTree = "<group>";
		};
		0DE0242814DDC9FC004E2227 /* MainMenu.xib */ = {
			isa = PBXVariantGroup;
			children = (
				0DE0242914DDC9FC004E2227 /* en */,
			);
			name = MainMenu.xib;
			sourceTree = "<group>";
		};
		0DE0243A14DDCC18004E2227 /* InfoPlist.strings */ = {
			isa = PBXVariantGroup;
			children = (
				0DE0243B14DDCC18004E2227 /* en */,
			);
			name = InfoPlist.strings;
			sourceTree = "<group>";
		};
/* End PBXVariantGroup section */

/* Begin XCBuildConfiguration section */
		0DE0242B14DDC9FC004E2227 /* Debug */ = {
			isa = XCBuildConfiguration;
			buildSettings = {
				ALWAYS_SEARCH_USER_PATHS = NO;
				ARCHS = "$(ARCHS_STANDARD_64_BIT)";
				CLANG_ENABLE_OBJC_ARC = YES;
				COPY_PHASE_STRIP = NO;
				GCC_C_LANGUAGE_STANDARD = gnu99;
				GCC_DYNAMIC_NO_PIC = NO;
				GCC_ENABLE_OBJC_EXCEPTIONS = YES;
				GCC_OPTIMIZATION_LEVEL = 0;
				GCC_PREPROCESSOR_DEFINITIONS = (
					"DEBUG=1",
					"$(inherited)",
				);
				GCC_SYMBOLS_PRIVATE_EXTERN = NO;
				GCC_VERSION = com.apple.compilers.llvm.clang.1_0;
				GCC_WARN_64_TO_32_BIT_CONVERSION = YES;
				GCC_WARN_ABOUT_MISSING_PROTOTYPES = YES;
				GCC_WARN_ABOUT_RETURN_TYPE = YES;
				GCC_WARN_UNUSED_VARIABLE = YES;
				MACOSX_DEPLOYMENT_TARGET = 10.7;
				ONLY_ACTIVE_ARCH = YES;
				SDKROOT = macosx;
			};
			name = Debug;
		};
		0DE0242C14DDC9FC004E2227 /* Release */ = {
			isa = XCBuildConfiguration;
			buildSettings = {
				ALWAYS_SEARCH_USER_PATHS = NO;
				ARCHS = "$(ARCHS_STANDARD_64_BIT)";
				CLANG_ENABLE_OBJC_ARC = YES;
				COPY_PHASE_STRIP = YES;
				DEBUG_INFORMATION_FORMAT = "dwarf-with-dsym";
				GCC_C_LANGUAGE_STANDARD = gnu99;
				GCC_ENABLE_OBJC_EXCEPTIONS = YES;
				GCC_VERSION = com.apple.compilers.llvm.clang.1_0;
				GCC_WARN_64_TO_32_BIT_CONVERSION = YES;
				GCC_WARN_ABOUT_MISSING_PROTOTYPES = YES;
				GCC_WARN_ABOUT_RETURN_TYPE = YES;
				GCC_WARN_UNUSED_VARIABLE = YES;
				MACOSX_DEPLOYMENT_TARGET = 10.7;
				SDKROOT = macosx;
			};
			name = Release;
		};
		0DE0242E14DDC9FC004E2227 /* Debug */ = {
			isa = XCBuildConfiguration;
			buildSettings = {
				GCC_PRECOMPILE_PREFIX_HEADER = YES;
				GCC_PREFIX_HEADER = "SkronkMini/SkronkMini-Prefix.pch";
				INFOPLIST_FILE = "SkronkMini/SkronkMini-Info.plist";
				PRODUCT_NAME = "$(TARGET_NAME)";
				WRAPPER_EXTENSION = app;
			};
			name = Debug;
		};
		0DE0242F14DDC9FC004E2227 /* Release */ = {
			isa = XCBuildConfiguration;
			buildSettings = {
				GCC_PRECOMPILE_PREFIX_HEADER = YES;
				GCC_PREFIX_HEADER = "SkronkMini/SkronkMini-Prefix.pch";
				INFOPLIST_FILE = "SkronkMini/SkronkMini-Info.plist";
				PRODUCT_NAME = "$(TARGET_NAME)";
				WRAPPER_EXTENSION = app;
			};
			name = Release;
		};
		0DE0244214DDCC18004E2227 /* Debug */ = {
			isa = XCBuildConfiguration;
			buildSettings = {
				DYLIB_COMPATIBILITY_VERSION = 1;
				DYLIB_CURRENT_VERSION = 1;
				FRAMEWORK_VERSION = A;
				GCC_PRECOMPILE_PREFIX_HEADER = YES;
				GCC_PREFIX_HEADER = "Specs/Specs-Prefix.pch";
				INFOPLIST_FILE = "Specs/Specs-Info.plist";
				PRODUCT_NAME = "$(TARGET_NAME)";
				WRAPPER_EXTENSION = framework;
			};
			name = Debug;
		};
		0DE0244314DDCC18004E2227 /* Release */ = {
			isa = XCBuildConfiguration;
			buildSettings = {
				DYLIB_COMPATIBILITY_VERSION = 1;
				DYLIB_CURRENT_VERSION = 1;
				FRAMEWORK_VERSION = A;
				GCC_PRECOMPILE_PREFIX_HEADER = YES;
				GCC_PREFIX_HEADER = "Specs/Specs-Prefix.pch";
				INFOPLIST_FILE = "Specs/Specs-Info.plist";
				PRODUCT_NAME = "$(TARGET_NAME)";
				WRAPPER_EXTENSION = framework;
			};
			name = Release;
		};
/* End XCBuildConfiguration section */

/* Begin XCConfigurationList section */
		0DE0240914DDC9FB004E2227 /* Build configuration list for PBXProject "SkronkMini" */ = {
			isa = XCConfigurationList;
			buildConfigurations = (
				0DE0242B14DDC9FC004E2227 /* Debug */,
				0DE0242C14DDC9FC004E2227 /* Release */,
			);
			defaultConfigurationIsVisible = 0;
			defaultConfigurationName = Release;
		};
		0DE0242D14DDC9FC004E2227 /* Build configuration list for PBXNativeTarget "SkronkMini" */ = {
			isa = XCConfigurationList;
			buildConfigurations = (
				0DE0242E14DDC9FC004E2227 /* Debug */,
				0DE0242F14DDC9FC004E2227 /* Release */,
			);
			defaultConfigurationIsVisible = 0;
		};
		0DE0244114DDCC18004E2227 /* Build configuration list for PBXNativeTarget "Specs" */ = {
			isa = XCConfigurationList;
			buildConfigurations = (
				0DE0244214DDCC18004E2227 /* Debug */,
				0DE0244314DDCC18004E2227 /* Release */,
			);
			defaultConfigurationIsVisible = 0;
		};
/* End XCConfigurationList section */
	};
	rootObject = 0DE0240614DDC9FB004E2227 /* Project object */;
}
