// !$*UTF8*$!
{
	archiveVersion = 1;
	classes = {
	};
	objectVersion = 46;
	objects = {

/* Begin PBXBuildFile section */
		0D010A5114F4892900A62136 /* SRCommon.m in Sources */ = {isa = PBXBuildFile; fileRef = 0D010A4814F4892900A62136 /* SRCommon.m */; settings = {COMPILER_FLAGS = "-fno-objc-arc"; }; };
		0D010A5214F4892900A62136 /* SRKeyCodeTransformer.m in Sources */ = {isa = PBXBuildFile; fileRef = 0D010A4A14F4892900A62136 /* SRKeyCodeTransformer.m */; settings = {COMPILER_FLAGS = "-fno-objc-arc"; }; };
		0D010A5314F4892900A62136 /* SRRecorderCell.m in Sources */ = {isa = PBXBuildFile; fileRef = 0D010A4C14F4892900A62136 /* SRRecorderCell.m */; settings = {COMPILER_FLAGS = "-fno-objc-arc"; }; };
		0D010A5414F4892900A62136 /* SRRecorderControl.m in Sources */ = {isa = PBXBuildFile; fileRef = 0D010A4E14F4892900A62136 /* SRRecorderControl.m */; settings = {COMPILER_FLAGS = "-fno-objc-arc"; }; };
		0D010A5514F4892900A62136 /* SRValidator.m in Sources */ = {isa = PBXBuildFile; fileRef = 0D010A5014F4892900A62136 /* SRValidator.m */; settings = {COMPILER_FLAGS = "-fno-objc-arc"; }; };
		0D2B5ED0150C45080036A25A /* album-art-missing.png in Resources */ = {isa = PBXBuildFile; fileRef = 0D2B5ECF150C45080036A25A /* album-art-missing.png */; };
		0D2B5ED2150C455D0036A25A /* SkronkFM.icns in Resources */ = {isa = PBXBuildFile; fileRef = 0D2B5ED1150C455D0036A25A /* SkronkFM.icns */; };
		0D2B5ED6150C70460036A25A /* menubar-icon.png in Resources */ = {isa = PBXBuildFile; fileRef = 0D2B5ED5150C70460036A25A /* menubar-icon.png */; };
		0D2B5ED8150C710D0036A25A /* menubar-icon-playing.png in Resources */ = {isa = PBXBuildFile; fileRef = 0D2B5ED7150C710D0036A25A /* menubar-icon-playing.png */; };
		0D4AE4D814EB3474002596BD /* PreferencesController.m in Sources */ = {isa = PBXBuildFile; fileRef = 0D4AE4D714EB3474002596BD /* PreferencesController.m */; };
		0D4AE4DB14EB362D002596BD /* Preferences.xib in Resources */ = {isa = PBXBuildFile; fileRef = 0D4AE4DA14EB362D002596BD /* Preferences.xib */; };
		0D6C3749150874030045890A /* last.fm-button.png in Resources */ = {isa = PBXBuildFile; fileRef = 0D6C3748150874030045890A /* last.fm-button.png */; };
		0D83848B150054FB0024403B /* Quartz.framework in Frameworks */ = {isa = PBXBuildFile; fileRef = 0D83848A150054FB0024403B /* Quartz.framework */; };
		0DE0241414DDC9FB004E2227 /* Cocoa.framework in Frameworks */ = {isa = PBXBuildFile; fileRef = 0DE0241314DDC9FB004E2227 /* Cocoa.framework */; };
		0DE0241E14DDC9FB004E2227 /* InfoPlist.strings in Resources */ = {isa = PBXBuildFile; fileRef = 0DE0241C14DDC9FB004E2227 /* InfoPlist.strings */; };
		0DE0242014DDC9FB004E2227 /* main.m in Sources */ = {isa = PBXBuildFile; fileRef = 0DE0241F14DDC9FB004E2227 /* main.m */; };
		0DE0242414DDC9FB004E2227 /* Credits.rtf in Resources */ = {isa = PBXBuildFile; fileRef = 0DE0242214DDC9FB004E2227 /* Credits.rtf */; };
		0DE0242714DDC9FB004E2227 /* AppDelegate.m in Sources */ = {isa = PBXBuildFile; fileRef = 0DE0242614DDC9FB004E2227 /* AppDelegate.m */; };
		0DE0242A14DDC9FC004E2227 /* MainMenu.xib in Resources */ = {isa = PBXBuildFile; fileRef = 0DE0242814DDC9FC004E2227 /* MainMenu.xib */; };
		0DE0243614DDCC18004E2227 /* Cocoa.framework in Frameworks */ = {isa = PBXBuildFile; fileRef = 0DE0241314DDC9FB004E2227 /* Cocoa.framework */; };
		0DE0243C14DDCC18004E2227 /* InfoPlist.strings in Resources */ = {isa = PBXBuildFile; fileRef = 0DE0243A14DDCC18004E2227 /* InfoPlist.strings */; };
		0DE0244014DDCC18004E2227 /* Specs.m in Sources */ = {isa = PBXBuildFile; fileRef = 0DE0243F14DDCC18004E2227 /* Specs.m */; };
		0DE0244614DDCC52004E2227 /* NowPlaying.h in Headers */ = {isa = PBXBuildFile; fileRef = 0DE0244414DDCC52004E2227 /* NowPlaying.h */; };
		0DE0244714DDCC52004E2227 /* NowPlaying.m in Sources */ = {isa = PBXBuildFile; fileRef = 0DE0244514DDCC52004E2227 /* NowPlaying.m */; };
		0DE0244814DDCC52004E2227 /* NowPlaying.m in Sources */ = {isa = PBXBuildFile; fileRef = 0DE0244514DDCC52004E2227 /* NowPlaying.m */; };
		0DE0245814DDF349004E2227 /* FMJson.h in Headers */ = {isa = PBXBuildFile; fileRef = 0DE0245614DDF349004E2227 /* FMJson.h */; };
		0DE0245914DDF349004E2227 /* FMJson.m in Sources */ = {isa = PBXBuildFile; fileRef = 0DE0245714DDF349004E2227 /* FMJson.m */; };
		0DE0245A14DDF349004E2227 /* FMJson.m in Sources */ = {isa = PBXBuildFile; fileRef = 0DE0245714DDF349004E2227 /* FMJson.m */; };
		0DE0248114DF3936004E2227 /* ASIDataCompressor.m in Sources */ = {isa = PBXBuildFile; fileRef = 0DE0247114DF3936004E2227 /* ASIDataCompressor.m */; settings = {COMPILER_FLAGS = "-fno-objc-arc"; }; };
		0DE0248214DF3936004E2227 /* ASIDataDecompressor.m in Sources */ = {isa = PBXBuildFile; fileRef = 0DE0247314DF3936004E2227 /* ASIDataDecompressor.m */; settings = {COMPILER_FLAGS = "-fno-objc-arc"; }; };
		0DE0248314DF3936004E2227 /* ASIDownloadCache.m in Sources */ = {isa = PBXBuildFile; fileRef = 0DE0247514DF3936004E2227 /* ASIDownloadCache.m */; settings = {COMPILER_FLAGS = "-fno-objc-arc"; }; };
		0DE0248414DF3936004E2227 /* ASIFormDataRequest.m in Sources */ = {isa = PBXBuildFile; fileRef = 0DE0247714DF3936004E2227 /* ASIFormDataRequest.m */; settings = {COMPILER_FLAGS = "-fno-objc-arc"; }; };
		0DE0248514DF3936004E2227 /* ASIHTTPRequest.m in Sources */ = {isa = PBXBuildFile; fileRef = 0DE0247914DF3936004E2227 /* ASIHTTPRequest.m */; settings = {COMPILER_FLAGS = "-fno-objc-arc"; }; };
		0DE0248614DF3936004E2227 /* ASIInputStream.m in Sources */ = {isa = PBXBuildFile; fileRef = 0DE0247D14DF3936004E2227 /* ASIInputStream.m */; settings = {COMPILER_FLAGS = "-fno-objc-arc"; }; };
		0DE0248714DF3936004E2227 /* ASINetworkQueue.m in Sources */ = {isa = PBXBuildFile; fileRef = 0DE0247F14DF3936004E2227 /* ASINetworkQueue.m */; settings = {COMPILER_FLAGS = "-fno-objc-arc"; }; };
		0DE0248914DF3BE8004E2227 /* libz.dylib in Frameworks */ = {isa = PBXBuildFile; fileRef = 0DE0248814DF3BE8004E2227 /* libz.dylib */; };
		0DE0248B14DF3BF8004E2227 /* SystemConfiguration.framework in Frameworks */ = {isa = PBXBuildFile; fileRef = 0DE0248A14DF3BF8004E2227 /* SystemConfiguration.framework */; };
		0DE0249914DF65D4004E2227 /* SGHotKey.m in Sources */ = {isa = PBXBuildFile; fileRef = 0DE0249214DF65D4004E2227 /* SGHotKey.m */; settings = {COMPILER_FLAGS = "-fno-objc-arc"; }; };
		0DE0249A14DF65D4004E2227 /* SGHotKeyCenter.m in Sources */ = {isa = PBXBuildFile; fileRef = 0DE0249414DF65D4004E2227 /* SGHotKeyCenter.m */; settings = {COMPILER_FLAGS = "-fno-objc-arc"; }; };
		0DE0249B14DF65D4004E2227 /* SGKeyCodeTranslator.m in Sources */ = {isa = PBXBuildFile; fileRef = 0DE0249614DF65D4004E2227 /* SGKeyCodeTranslator.m */; settings = {COMPILER_FLAGS = "-fno-objc-arc"; }; };
		0DE0249C14DF65D4004E2227 /* SGKeyCombo.m in Sources */ = {isa = PBXBuildFile; fileRef = 0DE0249814DF65D4004E2227 /* SGKeyCombo.m */; settings = {COMPILER_FLAGS = "-fno-objc-arc"; }; };
		0DE0249E14DF72BC004E2227 /* Carbon.framework in Frameworks */ = {isa = PBXBuildFile; fileRef = 0DE0249D14DF72BC004E2227 /* Carbon.framework */; };
		0DEBC49E1501AFDC00D4E1C3 /* RoundedWindow.m in Sources */ = {isa = PBXBuildFile; fileRef = 0DEBC49D1501AFDC00D4E1C3 /* RoundedWindow.m */; };
		0DEBC4A21501B3CD00D4E1C3 /* RoundedView.m in Sources */ = {isa = PBXBuildFile; fileRef = 0DEBC4A11501B3CD00D4E1C3 /* RoundedView.m */; };
		0DEBC4A41501B83600D4E1C3 /* last.fm-icon-64.png in Resources */ = {isa = PBXBuildFile; fileRef = 0DEBC4A31501B83600D4E1C3 /* last.fm-icon-64.png */; };
		0DEBC4A61501B86700D4E1C3 /* last.fm-icon-24.png in Resources */ = {isa = PBXBuildFile; fileRef = 0DEBC4A51501B86700D4E1C3 /* last.fm-icon-24.png */; };
		0DEBC4A81501BDDE00D4E1C3 /* concrete-background.jpg in Resources */ = {isa = PBXBuildFile; fileRef = 0DEBC4A71501BDDE00D4E1C3 /* concrete-background.jpg */; };
/* End PBXBuildFile section */

/* Begin PBXFileReference section */
		0D010A4714F4892900A62136 /* SRCommon.h */ = {isa = PBXFileReference; fileEncoding = 4; lastKnownFileType = sourcecode.c.h; path = SRCommon.h; sourceTree = "<group>"; };
		0D010A4814F4892900A62136 /* SRCommon.m */ = {isa = PBXFileReference; fileEncoding = 4; lastKnownFileType = sourcecode.c.objc; path = SRCommon.m; sourceTree = "<group>"; };
		0D010A4914F4892900A62136 /* SRKeyCodeTransformer.h */ = {isa = PBXFileReference; fileEncoding = 4; lastKnownFileType = sourcecode.c.h; path = SRKeyCodeTransformer.h; sourceTree = "<group>"; };
		0D010A4A14F4892900A62136 /* SRKeyCodeTransformer.m */ = {isa = PBXFileReference; fileEncoding = 4; lastKnownFileType = sourcecode.c.objc; path = SRKeyCodeTransformer.m; sourceTree = "<group>"; };
		0D010A4B14F4892900A62136 /* SRRecorderCell.h */ = {isa = PBXFileReference; fileEncoding = 4; lastKnownFileType = sourcecode.c.h; path = SRRecorderCell.h; sourceTree = "<group>"; };
		0D010A4C14F4892900A62136 /* SRRecorderCell.m */ = {isa = PBXFileReference; fileEncoding = 4; lastKnownFileType = sourcecode.c.objc; path = SRRecorderCell.m; sourceTree = "<group>"; };
		0D010A4D14F4892900A62136 /* SRRecorderControl.h */ = {isa = PBXFileReference; fileEncoding = 4; lastKnownFileType = sourcecode.c.h; path = SRRecorderControl.h; sourceTree = "<group>"; };
		0D010A4E14F4892900A62136 /* SRRecorderControl.m */ = {isa = PBXFileReference; fileEncoding = 4; lastKnownFileType = sourcecode.c.objc; path = SRRecorderControl.m; sourceTree = "<group>"; };
		0D010A4F14F4892900A62136 /* SRValidator.h */ = {isa = PBXFileReference; fileEncoding = 4; lastKnownFileType = sourcecode.c.h; path = SRValidator.h; sourceTree = "<group>"; };
		0D010A5014F4892900A62136 /* SRValidator.m */ = {isa = PBXFileReference; fileEncoding = 4; lastKnownFileType = sourcecode.c.objc; path = SRValidator.m; sourceTree = "<group>"; };
		0D2B5ECC150B19130036A25A /* SkronkFM.entitlements */ = {isa = PBXFileReference; lastKnownFileType = text.xml; path = SkronkFM.entitlements; sourceTree = "<group>"; };
		0D2B5ECF150C45080036A25A /* album-art-missing.png */ = {isa = PBXFileReference; lastKnownFileType = image.png; path = "album-art-missing.png"; sourceTree = "<group>"; };
		0D2B5ED1150C455D0036A25A /* SkronkFM.icns */ = {isa = PBXFileReference; lastKnownFileType = image.icns; path = SkronkFM.icns; sourceTree = SOURCE_ROOT; };
		0D2B5ED5150C70460036A25A /* menubar-icon.png */ = {isa = PBXFileReference; lastKnownFileType = image.png; path = "menubar-icon.png"; sourceTree = "<group>"; };
		0D2B5ED7150C710D0036A25A /* menubar-icon-playing.png */ = {isa = PBXFileReference; lastKnownFileType = image.png; path = "menubar-icon-playing.png"; sourceTree = "<group>"; };
		0D4AE4D614EB3474002596BD /* PreferencesController.h */ = {isa = PBXFileReference; fileEncoding = 4; lastKnownFileType = sourcecode.c.h; lineEnding = 0; path = PreferencesController.h; sourceTree = "<group>"; xcLanguageSpecificationIdentifier = xcode.lang.objcpp; };
		0D4AE4D714EB3474002596BD /* PreferencesController.m */ = {isa = PBXFileReference; fileEncoding = 4; lastKnownFileType = sourcecode.c.objc; lineEnding = 0; path = PreferencesController.m; sourceTree = "<group>"; xcLanguageSpecificationIdentifier = xcode.lang.objc; };
		0D4AE4DA14EB362D002596BD /* Preferences.xib */ = {isa = PBXFileReference; fileEncoding = 4; lastKnownFileType = file.xib; path = Preferences.xib; sourceTree = "<group>"; };
		0D6C3748150874030045890A /* last.fm-button.png */ = {isa = PBXFileReference; lastKnownFileType = image.png; path = "last.fm-button.png"; sourceTree = "<group>"; };
		0D83848A150054FB0024403B /* Quartz.framework */ = {isa = PBXFileReference; lastKnownFileType = wrapper.framework; name = Quartz.framework; path = System/Library/Frameworks/Quartz.framework; sourceTree = SDKROOT; };
		0DE0240F14DDC9FB004E2227 /* SkronkFM.app */ = {isa = PBXFileReference; explicitFileType = wrapper.application; includeInIndex = 0; path = SkronkFM.app; sourceTree = BUILT_PRODUCTS_DIR; };
		0DE0241314DDC9FB004E2227 /* Cocoa.framework */ = {isa = PBXFileReference; lastKnownFileType = wrapper.framework; name = Cocoa.framework; path = System/Library/Frameworks/Cocoa.framework; sourceTree = SDKROOT; };
		0DE0241614DDC9FB004E2227 /* AppKit.framework */ = {isa = PBXFileReference; lastKnownFileType = wrapper.framework; name = AppKit.framework; path = System/Library/Frameworks/AppKit.framework; sourceTree = SDKROOT; };
		0DE0241714DDC9FB004E2227 /* CoreData.framework */ = {isa = PBXFileReference; lastKnownFileType = wrapper.framework; name = CoreData.framework; path = System/Library/Frameworks/CoreData.framework; sourceTree = SDKROOT; };
		0DE0241814DDC9FB004E2227 /* Foundation.framework */ = {isa = PBXFileReference; lastKnownFileType = wrapper.framework; name = Foundation.framework; path = System/Library/Frameworks/Foundation.framework; sourceTree = SDKROOT; };
		0DE0241B14DDC9FB004E2227 /* SkronkFM-Info.plist */ = {isa = PBXFileReference; lastKnownFileType = text.plist.xml; path = "SkronkFM-Info.plist"; sourceTree = "<group>"; };
		0DE0241D14DDC9FB004E2227 /* en */ = {isa = PBXFileReference; lastKnownFileType = text.plist.strings; name = en; path = en.lproj/InfoPlist.strings; sourceTree = "<group>"; };
		0DE0241F14DDC9FB004E2227 /* main.m */ = {isa = PBXFileReference; lastKnownFileType = sourcecode.c.objc; lineEnding = 0; path = main.m; sourceTree = "<group>"; xcLanguageSpecificationIdentifier = xcode.lang.objc; };
		0DE0242114DDC9FB004E2227 /* SkronkFM-Prefix.pch */ = {isa = PBXFileReference; lastKnownFileType = sourcecode.c.h; lineEnding = 0; path = "SkronkFM-Prefix.pch"; sourceTree = "<group>"; xcLanguageSpecificationIdentifier = xcode.lang.objc; };
		0DE0242314DDC9FB004E2227 /* en */ = {isa = PBXFileReference; lastKnownFileType = text.rtf; name = en; path = en.lproj/Credits.rtf; sourceTree = "<group>"; };
		0DE0242514DDC9FB004E2227 /* AppDelegate.h */ = {isa = PBXFileReference; lastKnownFileType = sourcecode.c.h; lineEnding = 0; path = AppDelegate.h; sourceTree = "<group>"; xcLanguageSpecificationIdentifier = xcode.lang.objcpp; };
		0DE0242614DDC9FB004E2227 /* AppDelegate.m */ = {isa = PBXFileReference; lastKnownFileType = sourcecode.c.objc; lineEnding = 0; path = AppDelegate.m; sourceTree = "<group>"; xcLanguageSpecificationIdentifier = xcode.lang.objc; };
		0DE0242914DDC9FC004E2227 /* en */ = {isa = PBXFileReference; lastKnownFileType = file.xib; name = en; path = en.lproj/MainMenu.xib; sourceTree = "<group>"; };
		0DE0243514DDCC18004E2227 /* Specs.framework */ = {isa = PBXFileReference; explicitFileType = wrapper.framework; includeInIndex = 0; path = Specs.framework; sourceTree = BUILT_PRODUCTS_DIR; };
		0DE0243914DDCC18004E2227 /* Specs-Info.plist */ = {isa = PBXFileReference; lastKnownFileType = text.plist.xml; path = "Specs-Info.plist"; sourceTree = "<group>"; };
		0DE0243B14DDCC18004E2227 /* en */ = {isa = PBXFileReference; lastKnownFileType = text.plist.strings; name = en; path = en.lproj/InfoPlist.strings; sourceTree = "<group>"; };
		0DE0243D14DDCC18004E2227 /* Specs-Prefix.pch */ = {isa = PBXFileReference; lastKnownFileType = sourcecode.c.h; path = "Specs-Prefix.pch"; sourceTree = "<group>"; };
		0DE0243E14DDCC18004E2227 /* Specs.h */ = {isa = PBXFileReference; lastKnownFileType = sourcecode.c.h; path = Specs.h; sourceTree = "<group>"; };
		0DE0243F14DDCC18004E2227 /* Specs.m */ = {isa = PBXFileReference; lastKnownFileType = sourcecode.c.objc; path = Specs.m; sourceTree = "<group>"; };
		0DE0244414DDCC52004E2227 /* NowPlaying.h */ = {isa = PBXFileReference; fileEncoding = 4; lastKnownFileType = sourcecode.c.h; lineEnding = 0; path = NowPlaying.h; sourceTree = "<group>"; xcLanguageSpecificationIdentifier = xcode.lang.objcpp; };
		0DE0244514DDCC52004E2227 /* NowPlaying.m */ = {isa = PBXFileReference; fileEncoding = 4; lastKnownFileType = sourcecode.c.objc; lineEnding = 0; path = NowPlaying.m; sourceTree = "<group>"; xcLanguageSpecificationIdentifier = xcode.lang.objc; };
		0DE0245614DDF349004E2227 /* FMJson.h */ = {isa = PBXFileReference; fileEncoding = 4; lastKnownFileType = sourcecode.c.h; lineEnding = 0; path = FMJson.h; sourceTree = "<group>"; xcLanguageSpecificationIdentifier = xcode.lang.objcpp; };
		0DE0245714DDF349004E2227 /* FMJson.m */ = {isa = PBXFileReference; fileEncoding = 4; lastKnownFileType = sourcecode.c.objc; lineEnding = 0; path = FMJson.m; sourceTree = "<group>"; xcLanguageSpecificationIdentifier = xcode.lang.objc; };
		0DE0246F14DF3936004E2227 /* ASICacheDelegate.h */ = {isa = PBXFileReference; fileEncoding = 4; lastKnownFileType = sourcecode.c.h; name = ASICacheDelegate.h; path = "../../External/asi-http-request/Classes/ASICacheDelegate.h"; sourceTree = "<group>"; };
		0DE0247014DF3936004E2227 /* ASIDataCompressor.h */ = {isa = PBXFileReference; fileEncoding = 4; lastKnownFileType = sourcecode.c.h; name = ASIDataCompressor.h; path = "../../External/asi-http-request/Classes/ASIDataCompressor.h"; sourceTree = "<group>"; };
		0DE0247114DF3936004E2227 /* ASIDataCompressor.m */ = {isa = PBXFileReference; fileEncoding = 4; lastKnownFileType = sourcecode.c.objc; name = ASIDataCompressor.m; path = "../../External/asi-http-request/Classes/ASIDataCompressor.m"; sourceTree = "<group>"; };
		0DE0247214DF3936004E2227 /* ASIDataDecompressor.h */ = {isa = PBXFileReference; fileEncoding = 4; lastKnownFileType = sourcecode.c.h; name = ASIDataDecompressor.h; path = "../../External/asi-http-request/Classes/ASIDataDecompressor.h"; sourceTree = "<group>"; };
		0DE0247314DF3936004E2227 /* ASIDataDecompressor.m */ = {isa = PBXFileReference; fileEncoding = 4; lastKnownFileType = sourcecode.c.objc; name = ASIDataDecompressor.m; path = "../../External/asi-http-request/Classes/ASIDataDecompressor.m"; sourceTree = "<group>"; };
		0DE0247414DF3936004E2227 /* ASIDownloadCache.h */ = {isa = PBXFileReference; fileEncoding = 4; lastKnownFileType = sourcecode.c.h; name = ASIDownloadCache.h; path = "../../External/asi-http-request/Classes/ASIDownloadCache.h"; sourceTree = "<group>"; };
		0DE0247514DF3936004E2227 /* ASIDownloadCache.m */ = {isa = PBXFileReference; fileEncoding = 4; lastKnownFileType = sourcecode.c.objc; name = ASIDownloadCache.m; path = "../../External/asi-http-request/Classes/ASIDownloadCache.m"; sourceTree = "<group>"; };
		0DE0247614DF3936004E2227 /* ASIFormDataRequest.h */ = {isa = PBXFileReference; fileEncoding = 4; lastKnownFileType = sourcecode.c.h; name = ASIFormDataRequest.h; path = "../../External/asi-http-request/Classes/ASIFormDataRequest.h"; sourceTree = "<group>"; };
		0DE0247714DF3936004E2227 /* ASIFormDataRequest.m */ = {isa = PBXFileReference; fileEncoding = 4; lastKnownFileType = sourcecode.c.objc; name = ASIFormDataRequest.m; path = "../../External/asi-http-request/Classes/ASIFormDataRequest.m"; sourceTree = "<group>"; };
		0DE0247814DF3936004E2227 /* ASIHTTPRequest.h */ = {isa = PBXFileReference; fileEncoding = 4; lastKnownFileType = sourcecode.c.h; name = ASIHTTPRequest.h; path = "../../External/asi-http-request/Classes/ASIHTTPRequest.h"; sourceTree = "<group>"; };
		0DE0247914DF3936004E2227 /* ASIHTTPRequest.m */ = {isa = PBXFileReference; fileEncoding = 4; lastKnownFileType = sourcecode.c.objc; name = ASIHTTPRequest.m; path = "../../External/asi-http-request/Classes/ASIHTTPRequest.m"; sourceTree = "<group>"; };
		0DE0247A14DF3936004E2227 /* ASIHTTPRequestConfig.h */ = {isa = PBXFileReference; fileEncoding = 4; lastKnownFileType = sourcecode.c.h; name = ASIHTTPRequestConfig.h; path = "../../External/asi-http-request/Classes/ASIHTTPRequestConfig.h"; sourceTree = "<group>"; };
		0DE0247B14DF3936004E2227 /* ASIHTTPRequestDelegate.h */ = {isa = PBXFileReference; fileEncoding = 4; lastKnownFileType = sourcecode.c.h; name = ASIHTTPRequestDelegate.h; path = "../../External/asi-http-request/Classes/ASIHTTPRequestDelegate.h"; sourceTree = "<group>"; };
		0DE0247C14DF3936004E2227 /* ASIInputStream.h */ = {isa = PBXFileReference; fileEncoding = 4; lastKnownFileType = sourcecode.c.h; name = ASIInputStream.h; path = "../../External/asi-http-request/Classes/ASIInputStream.h"; sourceTree = "<group>"; };
		0DE0247D14DF3936004E2227 /* ASIInputStream.m */ = {isa = PBXFileReference; fileEncoding = 4; lastKnownFileType = sourcecode.c.objc; name = ASIInputStream.m; path = "../../External/asi-http-request/Classes/ASIInputStream.m"; sourceTree = "<group>"; };
		0DE0247E14DF3936004E2227 /* ASINetworkQueue.h */ = {isa = PBXFileReference; fileEncoding = 4; lastKnownFileType = sourcecode.c.h; name = ASINetworkQueue.h; path = "../../External/asi-http-request/Classes/ASINetworkQueue.h"; sourceTree = "<group>"; };
		0DE0247F14DF3936004E2227 /* ASINetworkQueue.m */ = {isa = PBXFileReference; fileEncoding = 4; lastKnownFileType = sourcecode.c.objc; name = ASINetworkQueue.m; path = "../../External/asi-http-request/Classes/ASINetworkQueue.m"; sourceTree = "<group>"; };
		0DE0248014DF3936004E2227 /* ASIProgressDelegate.h */ = {isa = PBXFileReference; fileEncoding = 4; lastKnownFileType = sourcecode.c.h; name = ASIProgressDelegate.h; path = "../../External/asi-http-request/Classes/ASIProgressDelegate.h"; sourceTree = "<group>"; };
		0DE0248814DF3BE8004E2227 /* libz.dylib */ = {isa = PBXFileReference; lastKnownFileType = "compiled.mach-o.dylib"; name = libz.dylib; path = usr/lib/libz.dylib; sourceTree = SDKROOT; };
		0DE0248A14DF3BF8004E2227 /* SystemConfiguration.framework */ = {isa = PBXFileReference; lastKnownFileType = wrapper.framework; name = SystemConfiguration.framework; path = System/Library/Frameworks/SystemConfiguration.framework; sourceTree = SDKROOT; };
		0DE0249114DF65D4004E2227 /* SGHotKey.h */ = {isa = PBXFileReference; fileEncoding = 4; lastKnownFileType = sourcecode.c.h; path = SGHotKey.h; sourceTree = "<group>"; };
		0DE0249214DF65D4004E2227 /* SGHotKey.m */ = {isa = PBXFileReference; fileEncoding = 4; lastKnownFileType = sourcecode.c.objc; path = SGHotKey.m; sourceTree = "<group>"; };
		0DE0249314DF65D4004E2227 /* SGHotKeyCenter.h */ = {isa = PBXFileReference; fileEncoding = 4; lastKnownFileType = sourcecode.c.h; path = SGHotKeyCenter.h; sourceTree = "<group>"; };
		0DE0249414DF65D4004E2227 /* SGHotKeyCenter.m */ = {isa = PBXFileReference; fileEncoding = 4; lastKnownFileType = sourcecode.c.objc; path = SGHotKeyCenter.m; sourceTree = "<group>"; };
		0DE0249514DF65D4004E2227 /* SGKeyCodeTranslator.h */ = {isa = PBXFileReference; fileEncoding = 4; lastKnownFileType = sourcecode.c.h; path = SGKeyCodeTranslator.h; sourceTree = "<group>"; };
		0DE0249614DF65D4004E2227 /* SGKeyCodeTranslator.m */ = {isa = PBXFileReference; fileEncoding = 4; lastKnownFileType = sourcecode.c.objc; path = SGKeyCodeTranslator.m; sourceTree = "<group>"; };
		0DE0249714DF65D4004E2227 /* SGKeyCombo.h */ = {isa = PBXFileReference; fileEncoding = 4; lastKnownFileType = sourcecode.c.h; path = SGKeyCombo.h; sourceTree = "<group>"; };
		0DE0249814DF65D4004E2227 /* SGKeyCombo.m */ = {isa = PBXFileReference; fileEncoding = 4; lastKnownFileType = sourcecode.c.objc; path = SGKeyCombo.m; sourceTree = "<group>"; };
		0DE0249D14DF72BC004E2227 /* Carbon.framework */ = {isa = PBXFileReference; lastKnownFileType = wrapper.framework; name = Carbon.framework; path = System/Library/Frameworks/Carbon.framework; sourceTree = SDKROOT; };
		0DEBC49C1501AFDC00D4E1C3 /* RoundedWindow.h */ = {isa = PBXFileReference; fileEncoding = 4; lastKnownFileType = sourcecode.c.h; lineEnding = 0; path = RoundedWindow.h; sourceTree = "<group>"; xcLanguageSpecificationIdentifier = xcode.lang.objcpp; };
		0DEBC49D1501AFDC00D4E1C3 /* RoundedWindow.m */ = {isa = PBXFileReference; fileEncoding = 4; lastKnownFileType = sourcecode.c.objc; lineEnding = 0; path = RoundedWindow.m; sourceTree = "<group>"; xcLanguageSpecificationIdentifier = xcode.lang.objc; };
		0DEBC4A01501B3CD00D4E1C3 /* RoundedView.h */ = {isa = PBXFileReference; fileEncoding = 4; lastKnownFileType = sourcecode.c.h; lineEnding = 0; path = RoundedView.h; sourceTree = "<group>"; xcLanguageSpecificationIdentifier = xcode.lang.objcpp; };
		0DEBC4A11501B3CD00D4E1C3 /* RoundedView.m */ = {isa = PBXFileReference; fileEncoding = 4; lastKnownFileType = sourcecode.c.objc; lineEnding = 0; path = RoundedView.m; sourceTree = "<group>"; xcLanguageSpecificationIdentifier = xcode.lang.objc; };
		0DEBC4A31501B83600D4E1C3 /* last.fm-icon-64.png */ = {isa = PBXFileReference; lastKnownFileType = image.png; path = "last.fm-icon-64.png"; sourceTree = "<group>"; };
		0DEBC4A51501B86700D4E1C3 /* last.fm-icon-24.png */ = {isa = PBXFileReference; lastKnownFileType = image.png; path = "last.fm-icon-24.png"; sourceTree = "<group>"; };
		0DEBC4A71501BDDE00D4E1C3 /* concrete-background.jpg */ = {isa = PBXFileReference; lastKnownFileType = image.jpeg; path = "concrete-background.jpg"; sourceTree = "<group>"; };
/* End PBXFileReference section */

/* Begin PBXFrameworksBuildPhase section */
		0DE0240C14DDC9FB004E2227 /* Frameworks */ = {
			isa = PBXFrameworksBuildPhase;
			buildActionMask = 2147483647;
			files = (
				0D83848B150054FB0024403B /* Quartz.framework in Frameworks */,
				0DE0249E14DF72BC004E2227 /* Carbon.framework in Frameworks */,
				0DE0241414DDC9FB004E2227 /* Cocoa.framework in Frameworks */,
				0DE0248B14DF3BF8004E2227 /* SystemConfiguration.framework in Frameworks */,
				0DE0248914DF3BE8004E2227 /* libz.dylib in Frameworks */,
			);
			runOnlyForDeploymentPostprocessing = 0;
		};
		0DE0243114DDCC18004E2227 /* Frameworks */ = {
			isa = PBXFrameworksBuildPhase;
			buildActionMask = 2147483647;
			files = (
				0DE0243614DDCC18004E2227 /* Cocoa.framework in Frameworks */,
			);
			runOnlyForDeploymentPostprocessing = 0;
		};
/* End PBXFrameworksBuildPhase section */

/* Begin PBXGroup section */
		0D010A4614F4892900A62136 /* ShortcutRecorder */ = {
			isa = PBXGroup;
			children = (
				0D010A4714F4892900A62136 /* SRCommon.h */,
				0D010A4814F4892900A62136 /* SRCommon.m */,
				0D010A4914F4892900A62136 /* SRKeyCodeTransformer.h */,
				0D010A4A14F4892900A62136 /* SRKeyCodeTransformer.m */,
				0D010A4B14F4892900A62136 /* SRRecorderCell.h */,
				0D010A4C14F4892900A62136 /* SRRecorderCell.m */,
				0D010A4D14F4892900A62136 /* SRRecorderControl.h */,
				0D010A4E14F4892900A62136 /* SRRecorderControl.m */,
				0D010A4F14F4892900A62136 /* SRValidator.h */,
				0D010A5014F4892900A62136 /* SRValidator.m */,
			);
			name = ShortcutRecorder;
			path = ../../External/ShortcutRecorder/Source;
			sourceTree = "<group>";
		};
		0DE0240414DDC9FB004E2227 = {
			isa = PBXGroup;
			children = (
				0DE0241914DDC9FB004E2227 /* SkronkFM */,
				0DE0243714DDCC18004E2227 /* Specs */,
				0DE0241214DDC9FB004E2227 /* Frameworks */,
				0DE0241014DDC9FB004E2227 /* Products */,
			);
			sourceTree = "<group>";
		};
		0DE0241014DDC9FB004E2227 /* Products */ = {
			isa = PBXGroup;
			children = (
				0DE0240F14DDC9FB004E2227 /* SkronkFM.app */,
				0DE0243514DDCC18004E2227 /* Specs.framework */,
			);
			name = Products;
			sourceTree = "<group>";
		};
		0DE0241214DDC9FB004E2227 /* Frameworks */ = {
			isa = PBXGroup;
			children = (
				0DE0241314DDC9FB004E2227 /* Cocoa.framework */,
				0DE0249D14DF72BC004E2227 /* Carbon.framework */,
				0DE0248A14DF3BF8004E2227 /* SystemConfiguration.framework */,
				0D83848A150054FB0024403B /* Quartz.framework */,
				0DE0248814DF3BE8004E2227 /* libz.dylib */,
				0DE0241514DDC9FB004E2227 /* Other Frameworks */,
			);
			name = Frameworks;
			sourceTree = "<group>";
		};
		0DE0241514DDC9FB004E2227 /* Other Frameworks */ = {
			isa = PBXGroup;
			children = (
				0DE0241614DDC9FB004E2227 /* AppKit.framework */,
				0DE0241714DDC9FB004E2227 /* CoreData.framework */,
				0DE0241814DDC9FB004E2227 /* Foundation.framework */,
			);
			name = "Other Frameworks";
			sourceTree = "<group>";
		};
		0DE0241914DDC9FB004E2227 /* SkronkFM */ = {
			isa = PBXGroup;
			children = (
				0DE0245B14DDF35C004E2227 /* UI */,
				0DE0245C14DDF363004E2227 /* Model */,
				0DE0246D14DF3826004E2227 /* ASIHTTPRequest */,
				0DE0249014DF65D4004E2227 /* SGHotKeysLib */,
				0D010A4614F4892900A62136 /* ShortcutRecorder */,
				0DE0241A14DDC9FB004E2227 /* Supporting Files */,
			);
			path = SkronkFM;
			sourceTree = "<group>";
		};
		0DE0241A14DDC9FB004E2227 /* Supporting Files */ = {
			isa = PBXGroup;
			children = (
				0D2B5ED1150C455D0036A25A /* SkronkFM.icns */,
				0D2B5ECC150B19130036A25A /* SkronkFM.entitlements */,
				0DE0241B14DDC9FB004E2227 /* SkronkFM-Info.plist */,
				0DE0241C14DDC9FB004E2227 /* InfoPlist.strings */,
				0DE0241F14DDC9FB004E2227 /* main.m */,
				0DE0242114DDC9FB004E2227 /* SkronkFM-Prefix.pch */,
				0DE0242214DDC9FB004E2227 /* Credits.rtf */,
			);
			name = "Supporting Files";
			sourceTree = "<group>";
		};
		0DE0243714DDCC18004E2227 /* Specs */ = {
			isa = PBXGroup;
			children = (
				0DE0243E14DDCC18004E2227 /* Specs.h */,
				0DE0243F14DDCC18004E2227 /* Specs.m */,
				0DE0243814DDCC18004E2227 /* Supporting Files */,
			);
			path = Specs;
			sourceTree = "<group>";
		};
		0DE0243814DDCC18004E2227 /* Supporting Files */ = {
			isa = PBXGroup;
			children = (
				0DE0243914DDCC18004E2227 /* Specs-Info.plist */,
				0DE0243A14DDCC18004E2227 /* InfoPlist.strings */,
				0DE0243D14DDCC18004E2227 /* Specs-Prefix.pch */,
			);
			name = "Supporting Files";
			sourceTree = "<group>";
		};
		0DE0245B14DDF35C004E2227 /* UI */ = {
			isa = PBXGroup;
			children = (
				0DE0242514DDC9FB004E2227 /* AppDelegate.h */,
				0DE0242614DDC9FB004E2227 /* AppDelegate.m */,
				0DE0242814DDC9FC004E2227 /* MainMenu.xib */,
				0DEBC49C1501AFDC00D4E1C3 /* RoundedWindow.h */,
				0DEBC49D1501AFDC00D4E1C3 /* RoundedWindow.m */,
				0DEBC4A01501B3CD00D4E1C3 /* RoundedView.h */,
				0DEBC4A11501B3CD00D4E1C3 /* RoundedView.m */,
				0D4AE4D614EB3474002596BD /* PreferencesController.h */,
				0D4AE4D714EB3474002596BD /* PreferencesController.m */,
				0D4AE4DA14EB362D002596BD /* Preferences.xib */,
				0D2B5ED5150C70460036A25A /* menubar-icon.png */,
				0D2B5ED7150C710D0036A25A /* menubar-icon-playing.png */,
				0D2B5ECF150C45080036A25A /* album-art-missing.png */,
				0DEBC4A51501B86700D4E1C3 /* last.fm-icon-24.png */,
				0DEBC4A31501B83600D4E1C3 /* last.fm-icon-64.png */,
				0D6C3748150874030045890A /* last.fm-button.png */,
				0DEBC4A71501BDDE00D4E1C3 /* concrete-background.jpg */,
			);
			name = UI;
			sourceTree = "<group>";
		};
		0DE0245C14DDF363004E2227 /* Model */ = {
			isa = PBXGroup;
			children = (
				0DE0245614DDF349004E2227 /* FMJson.h */,
				0DE0245714DDF349004E2227 /* FMJson.m */,
				0DE0244414DDCC52004E2227 /* NowPlaying.h */,
				0DE0244514DDCC52004E2227 /* NowPlaying.m */,
			);
			name = Model;
			sourceTree = "<group>";
		};
		0DE0246D14DF3826004E2227 /* ASIHTTPRequest */ = {
			isa = PBXGroup;
			children = (
				0DE0246F14DF3936004E2227 /* ASICacheDelegate.h */,
				0DE0247014DF3936004E2227 /* ASIDataCompressor.h */,
				0DE0247114DF3936004E2227 /* ASIDataCompressor.m */,
				0DE0247214DF3936004E2227 /* ASIDataDecompressor.h */,
				0DE0247314DF3936004E2227 /* ASIDataDecompressor.m */,
				0DE0247414DF3936004E2227 /* ASIDownloadCache.h */,
				0DE0247514DF3936004E2227 /* ASIDownloadCache.m */,
				0DE0247614DF3936004E2227 /* ASIFormDataRequest.h */,
				0DE0247714DF3936004E2227 /* ASIFormDataRequest.m */,
				0DE0247814DF3936004E2227 /* ASIHTTPRequest.h */,
				0DE0247914DF3936004E2227 /* ASIHTTPRequest.m */,
				0DE0247A14DF3936004E2227 /* ASIHTTPRequestConfig.h */,
				0DE0247B14DF3936004E2227 /* ASIHTTPRequestDelegate.h */,
				0DE0247C14DF3936004E2227 /* ASIInputStream.h */,
				0DE0247D14DF3936004E2227 /* ASIInputStream.m */,
				0DE0247E14DF3936004E2227 /* ASINetworkQueue.h */,
				0DE0247F14DF3936004E2227 /* ASINetworkQueue.m */,
				0DE0248014DF3936004E2227 /* ASIProgressDelegate.h */,
			);
			name = ASIHTTPRequest;
			sourceTree = "<group>";
		};
		0DE0249014DF65D4004E2227 /* SGHotKeysLib */ = {
			isa = PBXGroup;
			children = (
				0DE0249114DF65D4004E2227 /* SGHotKey.h */,
				0DE0249214DF65D4004E2227 /* SGHotKey.m */,
				0DE0249314DF65D4004E2227 /* SGHotKeyCenter.h */,
				0DE0249414DF65D4004E2227 /* SGHotKeyCenter.m */,
				0DE0249514DF65D4004E2227 /* SGKeyCodeTranslator.h */,
				0DE0249614DF65D4004E2227 /* SGKeyCodeTranslator.m */,
				0DE0249714DF65D4004E2227 /* SGKeyCombo.h */,
				0DE0249814DF65D4004E2227 /* SGKeyCombo.m */,
			);
			name = SGHotKeysLib;
			path = ../../External/SGHotKeysLib/SGHotKeysLib;
			sourceTree = "<group>";
		};
/* End PBXGroup section */

/* Begin PBXHeadersBuildPhase section */
		0DE0243214DDCC18004E2227 /* Headers */ = {
			isa = PBXHeadersBuildPhase;
			buildActionMask = 2147483647;
			files = (
				0DE0244614DDCC52004E2227 /* NowPlaying.h in Headers */,
				0DE0245814DDF349004E2227 /* FMJson.h in Headers */,
			);
			runOnlyForDeploymentPostprocessing = 0;
		};
/* End PBXHeadersBuildPhase section */

/* Begin PBXNativeTarget section */
		0DE0240E14DDC9FB004E2227 /* SkronkFM */ = {
			isa = PBXNativeTarget;
			buildConfigurationList = 0DE0242D14DDC9FC004E2227 /* Build configuration list for PBXNativeTarget "SkronkFM" */;
			buildPhases = (
				0DE0240B14DDC9FB004E2227 /* Sources */,
				0DE0240C14DDC9FB004E2227 /* Frameworks */,
				0DE0240D14DDC9FB004E2227 /* Resources */,
			);
			buildRules = (
			);
			dependencies = (
			);
			name = SkronkFM;
			productName = SkronkMini;
			productReference = 0DE0240F14DDC9FB004E2227 /* SkronkFM.app */;
			productType = "com.apple.product-type.application";
		};
		0DE0243414DDCC18004E2227 /* Specs */ = {
			isa = PBXNativeTarget;
			buildConfigurationList = 0DE0244114DDCC18004E2227 /* Build configuration list for PBXNativeTarget "Specs" */;
			buildPhases = (
				0DE0243014DDCC18004E2227 /* Sources */,
				0DE0243114DDCC18004E2227 /* Frameworks */,
				0DE0243214DDCC18004E2227 /* Headers */,
				0DE0243314DDCC18004E2227 /* Resources */,
			);
			buildRules = (
			);
			dependencies = (
			);
			name = Specs;
			productName = Specs;
			productReference = 0DE0243514DDCC18004E2227 /* Specs.framework */;
			productType = "com.apple.product-type.framework";
		};
/* End PBXNativeTarget section */

/* Begin PBXProject section */
		0DE0240614DDC9FB004E2227 /* Project object */ = {
			isa = PBXProject;
			attributes = {
				LastUpgradeCheck = 0420;
				ORGANIZATIONNAME = FourFringe;
			};
			buildConfigurationList = 0DE0240914DDC9FB004E2227 /* Build configuration list for PBXProject "SkronkFM" */;
			compatibilityVersion = "Xcode 3.2";
			developmentRegion = English;
			hasScannedForEncodings = 0;
			knownRegions = (
				en,
			);
			mainGroup = 0DE0240414DDC9FB004E2227;
			productRefGroup = 0DE0241014DDC9FB004E2227 /* Products */;
			projectDirPath = "";
			projectRoot = "";
			targets = (
				0DE0240E14DDC9FB004E2227 /* SkronkFM */,
				0DE0243414DDCC18004E2227 /* Specs */,
			);
		};
/* End PBXProject section */

/* Begin PBXResourcesBuildPhase section */
		0DE0240D14DDC9FB004E2227 /* Resources */ = {
			isa = PBXResourcesBuildPhase;
			buildActionMask = 2147483647;
			files = (
				0DE0241E14DDC9FB004E2227 /* InfoPlist.strings in Resources */,
				0DE0242414DDC9FB004E2227 /* Credits.rtf in Resources */,
				0DE0242A14DDC9FC004E2227 /* MainMenu.xib in Resources */,
				0D4AE4DB14EB362D002596BD /* Preferences.xib in Resources */,
				0DEBC4A41501B83600D4E1C3 /* last.fm-icon-64.png in Resources */,
				0DEBC4A61501B86700D4E1C3 /* last.fm-icon-24.png in Resources */,
				0DEBC4A81501BDDE00D4E1C3 /* concrete-background.jpg in Resources */,
				0D6C3749150874030045890A /* last.fm-button.png in Resources */,
				0D2B5ED0150C45080036A25A /* album-art-missing.png in Resources */,
				0D2B5ED2150C455D0036A25A /* SkronkFM.icns in Resources */,
				0D2B5ED6150C70460036A25A /* menubar-icon.png in Resources */,
				0D2B5ED8150C710D0036A25A /* menubar-icon-playing.png in Resources */,
			);
			runOnlyForDeploymentPostprocessing = 0;
		};
		0DE0243314DDCC18004E2227 /* Resources */ = {
			isa = PBXResourcesBuildPhase;
			buildActionMask = 2147483647;
			files = (
				0DE0243C14DDCC18004E2227 /* InfoPlist.strings in Resources */,
			);
			runOnlyForDeploymentPostprocessing = 0;
		};
/* End PBXResourcesBuildPhase section */

/* Begin PBXSourcesBuildPhase section */
		0DE0240B14DDC9FB004E2227 /* Sources */ = {
			isa = PBXSourcesBuildPhase;
			buildActionMask = 2147483647;
			files = (
				0DE0242014DDC9FB004E2227 /* main.m in Sources */,
				0DE0242714DDC9FB004E2227 /* AppDelegate.m in Sources */,
				0DE0244714DDCC52004E2227 /* NowPlaying.m in Sources */,
				0DE0245914DDF349004E2227 /* FMJson.m in Sources */,
				0D4AE4D814EB3474002596BD /* PreferencesController.m in Sources */,
				0DE0248114DF3936004E2227 /* ASIDataCompressor.m in Sources */,
				0DE0248214DF3936004E2227 /* ASIDataDecompressor.m in Sources */,
				0DE0248314DF3936004E2227 /* ASIDownloadCache.m in Sources */,
				0DE0248414DF3936004E2227 /* ASIFormDataRequest.m in Sources */,
				0DE0248514DF3936004E2227 /* ASIHTTPRequest.m in Sources */,
				0DE0248614DF3936004E2227 /* ASIInputStream.m in Sources */,
				0DE0248714DF3936004E2227 /* ASINetworkQueue.m in Sources */,
				0DE0249914DF65D4004E2227 /* SGHotKey.m in Sources */,
				0DE0249A14DF65D4004E2227 /* SGHotKeyCenter.m in Sources */,
				0DE0249B14DF65D4004E2227 /* SGKeyCodeTranslator.m in Sources */,
				0DE0249C14DF65D4004E2227 /* SGKeyCombo.m in Sources */,
				0D010A5114F4892900A62136 /* SRCommon.m in Sources */,
				0D010A5214F4892900A62136 /* SRKeyCodeTransformer.m in Sources */,
				0D010A5314F4892900A62136 /* SRRecorderCell.m in Sources */,
				0D010A5414F4892900A62136 /* SRRecorderControl.m in Sources */,
				0D010A5514F4892900A62136 /* SRValidator.m in Sources */,
				0DEBC49E1501AFDC00D4E1C3 /* RoundedWindow.m in Sources */,
				0DEBC4A21501B3CD00D4E1C3 /* RoundedView.m in Sources */,
			);
			runOnlyForDeploymentPostprocessing = 0;
		};
		0DE0243014DDCC18004E2227 /* Sources */ = {
			isa = PBXSourcesBuildPhase;
			buildActionMask = 2147483647;
			files = (
				0DE0244014DDCC18004E2227 /* Specs.m in Sources */,
				0DE0244814DDCC52004E2227 /* NowPlaying.m in Sources */,
				0DE0245A14DDF349004E2227 /* FMJson.m in Sources */,
			);
			runOnlyForDeploymentPostprocessing = 0;
		};
/* End PBXSourcesBuildPhase section */

/* Begin PBXVariantGroup section */
		0DE0241C14DDC9FB004E2227 /* InfoPlist.strings */ = {
			isa = PBXVariantGroup;
			children = (
				0DE0241D14DDC9FB004E2227 /* en */,
			);
			name = InfoPlist.strings;
			sourceTree = "<group>";
		};
		0DE0242214DDC9FB004E2227 /* Credits.rtf */ = {
			isa = PBXVariantGroup;
			children = (
				0DE0242314DDC9FB004E2227 /* en */,
			);
			name = Credits.rtf;
			sourceTree = "<group>";
		};
		0DE0242814DDC9FC004E2227 /* MainMenu.xib */ = {
			isa = PBXVariantGroup;
			children = (
				0DE0242914DDC9FC004E2227 /* en */,
			);
			name = MainMenu.xib;
			sourceTree = "<group>";
		};
		0DE0243A14DDCC18004E2227 /* InfoPlist.strings */ = {
			isa = PBXVariantGroup;
			children = (
				0DE0243B14DDCC18004E2227 /* en */,
			);
			name = InfoPlist.strings;
			sourceTree = "<group>";
		};
/* End PBXVariantGroup section */

/* Begin XCBuildConfiguration section */
		0DE0242B14DDC9FC004E2227 /* Debug */ = {
			isa = XCBuildConfiguration;
			buildSettings = {
				ALWAYS_SEARCH_USER_PATHS = NO;
				ARCHS = "$(ARCHS_STANDARD_64_BIT)";
				CLANG_ENABLE_OBJC_ARC = YES;
				COPY_PHASE_STRIP = NO;
				GCC_C_LANGUAGE_STANDARD = gnu99;
				GCC_DYNAMIC_NO_PIC = NO;
				GCC_ENABLE_OBJC_EXCEPTIONS = YES;
				GCC_OPTIMIZATION_LEVEL = 0;
				GCC_PREPROCESSOR_DEFINITIONS = (
					"DEBUG=1",
					"$(inherited)",
				);
				GCC_SYMBOLS_PRIVATE_EXTERN = NO;
				GCC_VERSION = com.apple.compilers.llvm.clang.1_0;
				GCC_WARN_64_TO_32_BIT_CONVERSION = YES;
				GCC_WARN_ABOUT_MISSING_PROTOTYPES = YES;
				GCC_WARN_ABOUT_RETURN_TYPE = YES;
				GCC_WARN_UNUSED_VARIABLE = YES;
				MACOSX_DEPLOYMENT_TARGET = 10.7;
				ONLY_ACTIVE_ARCH = YES;
				SDKROOT = macosx;
			};
			name = Debug;
		};
		0DE0242C14DDC9FC004E2227 /* Release */ = {
			isa = XCBuildConfiguration;
			buildSettings = {
				ALWAYS_SEARCH_USER_PATHS = NO;
				ARCHS = "$(ARCHS_STANDARD_64_BIT)";
				CLANG_ENABLE_OBJC_ARC = YES;
				COPY_PHASE_STRIP = YES;
				DEBUG_INFORMATION_FORMAT = "dwarf-with-dsym";
				GCC_C_LANGUAGE_STANDARD = gnu99;
				GCC_ENABLE_OBJC_EXCEPTIONS = YES;
				GCC_VERSION = com.apple.compilers.llvm.clang.1_0;
				GCC_WARN_64_TO_32_BIT_CONVERSION = YES;
				GCC_WARN_ABOUT_MISSING_PROTOTYPES = YES;
				GCC_WARN_ABOUT_RETURN_TYPE = YES;
				GCC_WARN_UNUSED_VARIABLE = YES;
				MACOSX_DEPLOYMENT_TARGET = 10.7;
				SDKROOT = macosx;
			};
			name = Release;
		};
		0DE0242E14DDC9FC004E2227 /* Debug */ = {
			isa = XCBuildConfiguration;
			buildSettings = {
				CODE_SIGN_ENTITLEMENTS = SkronkFM/SkronkFM.entitlements;
				CODE_SIGN_IDENTITY = "Mac Developer";
				GCC_PRECOMPILE_PREFIX_HEADER = YES;
				GCC_PREFIX_HEADER = "SkronkFM/SkronkFM-Prefix.pch";
				INFOPLIST_FILE = "SkronkFM/SkronkFM-Info.plist";
				PRODUCT_NAME = "$(TARGET_NAME)";
				WRAPPER_EXTENSION = app;
			};
			name = Debug;
		};
		0DE0242F14DDC9FC004E2227 /* Release */ = {
			isa = XCBuildConfiguration;
			buildSettings = {
				CODE_SIGN_ENTITLEMENTS = SkronkFM/SkronkFM.entitlements;
				CODE_SIGN_IDENTITY = "Mac Developer";
				GCC_PRECOMPILE_PREFIX_HEADER = YES;
				GCC_PREFIX_HEADER = "SkronkFM/SkronkFM-Prefix.pch";
				INFOPLIST_FILE = "SkronkFM/SkronkFM-Info.plist";
				PRODUCT_NAME = "$(TARGET_NAME)";
				WRAPPER_EXTENSION = app;
			};
			name = Release;
		};
		0DE0244214DDCC18004E2227 /* Debug */ = {
			isa = XCBuildConfiguration;
			buildSettings = {
				DYLIB_COMPATIBILITY_VERSION = 1;
				DYLIB_CURRENT_VERSION = 1;
				FRAMEWORK_VERSION = A;
				GCC_PRECOMPILE_PREFIX_HEADER = YES;
				GCC_PREFIX_HEADER = "Specs/Specs-Prefix.pch";
				INFOPLIST_FILE = "Specs/Specs-Info.plist";
				PRODUCT_NAME = "$(TARGET_NAME)";
				WRAPPER_EXTENSION = framework;
			};
			name = Debug;
		};
		0DE0244314DDCC18004E2227 /* Release */ = {
			isa = XCBuildConfiguration;
			buildSettings = {
				DYLIB_COMPATIBILITY_VERSION = 1;
				DYLIB_CURRENT_VERSION = 1;
				FRAMEWORK_VERSION = A;
				GCC_PRECOMPILE_PREFIX_HEADER = YES;
				GCC_PREFIX_HEADER = "Specs/Specs-Prefix.pch";
				INFOPLIST_FILE = "Specs/Specs-Info.plist";
				PRODUCT_NAME = "$(TARGET_NAME)";
				WRAPPER_EXTENSION = framework;
			};
			name = Release;
		};
/* End XCBuildConfiguration section */

/* Begin XCConfigurationList section */
		0DE0240914DDC9FB004E2227 /* Build configuration list for PBXProject "SkronkFM" */ = {
			isa = XCConfigurationList;
			buildConfigurations = (
				0DE0242B14DDC9FC004E2227 /* Debug */,
				0DE0242C14DDC9FC004E2227 /* Release */,
			);
			defaultConfigurationIsVisible = 0;
			defaultConfigurationName = Release;
		};
		0DE0242D14DDC9FC004E2227 /* Build configuration list for PBXNativeTarget "SkronkFM" */ = {
			isa = XCConfigurationList;
			buildConfigurations = (
				0DE0242E14DDC9FC004E2227 /* Debug */,
				0DE0242F14DDC9FC004E2227 /* Release */,
			);
			defaultConfigurationIsVisible = 0;
			defaultConfigurationName = Release;
		};
		0DE0244114DDCC18004E2227 /* Build configuration list for PBXNativeTarget "Specs" */ = {
			isa = XCConfigurationList;
			buildConfigurations = (
				0DE0244214DDCC18004E2227 /* Debug */,
				0DE0244314DDCC18004E2227 /* Release */,
			);
			defaultConfigurationIsVisible = 0;
			defaultConfigurationName = Release;
		};
/* End XCConfigurationList section */
	};
	rootObject = 0DE0240614DDC9FB004E2227 /* Project object */;
}
